
Microsoft Visual Studio Solution File, Format Version 12.00
# Visual Studio Version 17
VisualStudioVersion = 17.1.32228.430
MinimumVisualStudioVersion = 10.0.40219.1
Project("{9A19103F-16F7-4668-BE54-9A1E7A4F7556}") = "FNMES.Entity", "FNMES.Entity\FNMES.Entity.csproj", "{9FF6DAC4-11CC-466A-B7C6-F40218E033C0}"
EndProject
Project("{9A19103F-16F7-4668-BE54-9A1E7A4F7556}") = "FNMES.Reposity", "FNMES.Reposity\FNMES.Reposity.csproj", "{93787403-2AB8-4958-ABFF-FE745D19DC07}"
EndProject
Project("{9A19103F-16F7-4668-BE54-9A1E7A4F7556}") = "FNMES.WebUI", "FNMES.WebUI\FNMES.WebUI.csproj", "{0AB46C93-2A66-411C-9400-D8A623BE2EC4}"
EndProject
Project("{9A19103F-16F7-4668-BE54-9A1E7A4F7556}") = "FNMES.Utility", "FNMES.Utility\FNMES.Utility.csproj", "{637E1D72-8B17-41EC-AA5F-D3B2268ACE1D}"
EndProject
Project("{9A19103F-16F7-4668-BE54-9A1E7A4F7556}") = "mvc_test", "mvc_test\mvc_test.csproj", "{793BDC02-CED6-4CE4-96C0-704CE21244C9}"
EndProject
Global
	GlobalSection(SolutionConfigurationPlatforms) = preSolution
		Debug|Any CPU = Debug|Any CPU
		Release|Any CPU = Release|Any CPU
	EndGlobalSection
	GlobalSection(ProjectConfigurationPlatforms) = postSolution
		{9FF6DAC4-11CC-466A-B7C6-F40218E033C0}.Debug|Any CPU.ActiveCfg = Debug|Any CPU
		{9FF6DAC4-11CC-466A-B7C6-F40218E033C0}.Debug|Any CPU.Build.0 = Debug|Any CPU
		{9FF6DAC4-11CC-466A-B7C6-F40218E033C0}.Release|Any CPU.ActiveCfg = Release|Any CPU
		{9FF6DAC4-11CC-466A-B7C6-F40218E033C0}.Release|Any CPU.Build.0 = Release|Any CPU
		{93787403-2AB8-4958-ABFF-FE745D19DC07}.Debug|Any CPU.ActiveCfg = Debug|Any CPU
		{93787403-2AB8-4958-ABFF-FE745D19DC07}.Debug|Any CPU.Build.0 = Debug|Any CPU
		{93787403-2AB8-4958-ABFF-FE745D19DC07}.Release|Any CPU.ActiveCfg = Release|Any CPU
		{93787403-2AB8-4958-ABFF-FE745D19DC07}.Release|Any CPU.Build.0 = Release|Any CPU
		{0AB46C93-2A66-411C-9400-D8A623BE2EC4}.Debug|Any CPU.ActiveCfg = Debug|Any CPU
		{0AB46C93-2A66-411C-9400-D8A623BE2EC4}.Debug|Any CPU.Build.0 = Debug|Any CPU
		{0AB46C93-2A66-411C-9400-D8A623BE2EC4}.Release|Any CPU.ActiveCfg = Release|Any CPU
		{0AB46C93-2A66-411C-9400-D8A623BE2EC4}.Release|Any CPU.Build.0 = Release|Any CPU
		{637E1D72-8B17-41EC-AA5F-D3B2268ACE1D}.Debug|Any CPU.ActiveCfg = Debug|Any CPU
		{637E1D72-8B17-41EC-AA5F-D3B2268ACE1D}.Debug|Any CPU.Build.0 = Debug|Any CPU
		{637E1D72-8B17-41EC-AA5F-D3B2268ACE1D}.Release|Any CPU.ActiveCfg = Release|Any CPU
		{637E1D72-8B17-41EC-AA5F-D3B2268ACE1D}.Release|Any CPU.Build.0 = Release|Any CPU
		{793BDC02-CED6-4CE4-96C0-704CE21244C9}.Debug|Any CPU.ActiveCfg = Debug|Any CPU
		{793BDC02-CED6-4CE4-96C0-704CE21244C9}.Debug|Any CPU.Build.0 = Debug|Any CPU
		{793BDC02-CED6-4CE4-96C0-704CE21244C9}.Release|Any CPU.ActiveCfg = Release|Any CPU
		{793BDC02-CED6-4CE4-96C0-704CE21244C9}.Release|Any CPU.Build.0 = Release|Any CPU
	EndGlobalSection
	GlobalSection(SolutionProperties) = preSolution
		HideSolutionNode = FALSE
	EndGlobalSection
	GlobalSection(ExtensibilityGlobals) = postSolution
		SolutionGuid = {D5E979D6-91BC-48B7-88FB-30B0C2102D10}
	EndGlobalSection
EndGlobal
